
Microsoft Visual Studio Solution File, Format Version 12.00
# Visual Studio Version 16
VisualStudioVersion = 16.0.31410.357
MinimumVisualStudioVersion = 10.0.40219.1
Project("{FAE04EC0-301F-11D3-BF4B-00C04F79EFBC}") = "Sinema Büfe Projesi", "Sinema Büfe Projesi\Sinema Büfe Projesi.csproj", "{B0C4E1AB-305E-4C48-9221-BF97A8E44930}"
EndProject
Global
	GlobalSection(SolutionConfigurationPlatforms) = preSolution
		Debug|Any CPU = Debug|Any CPU
		Release|Any CPU = Release|Any CPU
	EndGlobalSection
	GlobalSection(ProjectConfigurationPlatforms) = postSolution
		{B0C4E1AB-305E-4C48-9221-BF97A8E44930}.Debug|Any CPU.ActiveCfg = Debug|Any CPU
		{B0C4E1AB-305E-4C48-9221-BF97A8E44930}.Debug|Any CPU.Build.0 = Debug|Any CPU
		{B0C4E1AB-305E-4C48-9221-BF97A8E44930}.Release|Any CPU.ActiveCfg = Release|Any CPU
		{B0C4E1AB-305E-4C48-9221-BF97A8E44930}.Release|Any CPU.Build.0 = Release|Any CPU
	EndGlobalSection
	GlobalSection(SolutionProperties) = preSolution
		HideSolutionNode = FALSE
	EndGlobalSection
	GlobalSection(ExtensibilityGlobals) = postSolution
		SolutionGuid = {11689142-BEC0-4B94-BAD3-66CE2AD3334E}
	EndGlobalSection
EndGlobal
